
Microsoft Visual Studio Solution File, Format Version 12.00
# Visual Studio Version 16
VisualStudioVersion = 16.0.29324.140
MinimumVisualStudioVersion = 10.0.40219.1
Project("{9A19103F-16F7-4668-BE54-9A1E7A4F7556}") = "StonePizza", "StonePizza\StonePizza.csproj", "{A6423E0B-5D69-4DFF-AFBC-15FEA59BF35A}"
EndProject
Global
	GlobalSection(SolutionConfigurationPlatforms) = preSolution
		Debug|Any CPU = Debug|Any CPU
		Release|Any CPU = Release|Any CPU
	EndGlobalSection
	GlobalSection(ProjectConfigurationPlatforms) = postSolution
		{A6423E0B-5D69-4DFF-AFBC-15FEA59BF35A}.Debug|Any CPU.ActiveCfg = Debug|Any CPU
		{A6423E0B-5D69-4DFF-AFBC-15FEA59BF35A}.Debug|Any CPU.Build.0 = Debug|Any CPU
		{A6423E0B-5D69-4DFF-AFBC-15FEA59BF35A}.Release|Any CPU.ActiveCfg = Release|Any CPU
		{A6423E0B-5D69-4DFF-AFBC-15FEA59BF35A}.Release|Any CPU.Build.0 = Release|Any CPU
	EndGlobalSection
	GlobalSection(SolutionProperties) = preSolution
		HideSolutionNode = FALSE
	EndGlobalSection
	GlobalSection(ExtensibilityGlobals) = postSolution
		SolutionGuid = {B7917B35-6F5E-42A7-8A32-018D6AECBCFF}
	EndGlobalSection
EndGlobal
